
Microsoft Visual Studio Solution File, Format Version 12.00
# Visual Studio Version 17
VisualStudioVersion = 17.9.34728.123
MinimumVisualStudioVersion = 10.0.40219.1
Project("{9A19103F-16F7-4668-BE54-9A1E7A4F7556}") = "KarateChopDomain", "KarateChopDomain\KarateChopDomain.csproj", "{4567619B-A089-4C2D-939B-B275DF1A850C}"
EndProject
Project("{9A19103F-16F7-4668-BE54-9A1E7A4F7556}") = "KarateChopDomain.Tests", "KarateChopDomain.Test\KarateChopDomain.Tests.csproj", "{7470B655-54B9-42CB-BE11-D2943BD8F704}"
EndProject
Global
	GlobalSection(SolutionConfigurationPlatforms) = preSolution
		Debug|Any CPU = Debug|Any CPU
		Release|Any CPU = Release|Any CPU
	EndGlobalSection
	GlobalSection(ProjectConfigurationPlatforms) = postSolution
		{4567619B-A089-4C2D-939B-B275DF1A850C}.Debug|Any CPU.ActiveCfg = Debug|Any CPU
		{4567619B-A089-4C2D-939B-B275DF1A850C}.Debug|Any CPU.Build.0 = Debug|Any CPU
		{4567619B-A089-4C2D-939B-B275DF1A850C}.Release|Any CPU.ActiveCfg = Release|Any CPU
		{4567619B-A089-4C2D-939B-B275DF1A850C}.Release|Any CPU.Build.0 = Release|Any CPU
		{7470B655-54B9-42CB-BE11-D2943BD8F704}.Debug|Any CPU.ActiveCfg = Debug|Any CPU
		{7470B655-54B9-42CB-BE11-D2943BD8F704}.Debug|Any CPU.Build.0 = Debug|Any CPU
		{7470B655-54B9-42CB-BE11-D2943BD8F704}.Release|Any CPU.ActiveCfg = Release|Any CPU
		{7470B655-54B9-42CB-BE11-D2943BD8F704}.Release|Any CPU.Build.0 = Release|Any CPU
	EndGlobalSection
	GlobalSection(SolutionProperties) = preSolution
		HideSolutionNode = FALSE
	EndGlobalSection
	GlobalSection(ExtensibilityGlobals) = postSolution
		SolutionGuid = {191A8558-58D1-4E04-BDFB-784982146494}
	EndGlobalSection
EndGlobal
